{
  "name": "icu.lemonjs.org",
  "requires": true,
  "lockfileVersion": 1,
  "dependencies": {
    "lemonjs-i8u": {
      "version": "1.1.1",
      "resolved": "https://registry.npmjs.org/lemonjs-i8u/-/lemonjs-i8u-1.1.1.tgz",
      "integrity": "sha512-tBOjFN9AnIQpRw+l0QsolNBPa1huisxf2JYOjwi/pSKUNtOpLnLpoGgHo6MxRQxoINDXQKy8tb6KpTMjv5mV+g=="
    },
    "lemonjs-lui": {
      "version": "file:../../lemonjs-lui"
    }
  }
}
